
Microsoft Visual Studio Solution File, Format Version 12.00
# Visual Studio Version 17
VisualStudioVersion = 17.10.34928.147
MinimumVisualStudioVersion = 10.0.40219.1
Project("{9A19103F-16F7-4668-BE54-9A1E7A4F7556}") = "Domain", "Domain\Domain.csproj", "{D04A7C9E-8921-4DEC-B3E3-1DC8FEFBFEA6}"
EndProject
Project("{9A19103F-16F7-4668-BE54-9A1E7A4F7556}") = "Application", "Application\Application.csproj", "{E510EB67-8989-4660-898F-4DD86B2F3002}"
EndProject
Project("{9A19103F-16F7-4668-BE54-9A1E7A4F7556}") = "Infrastructure", "Infrastructure\Infrastructure.csproj", "{FDE4D4D7-5087-47ED-BD95-7C87BA58D9D8}"
EndProject
Project("{9A19103F-16F7-4668-BE54-9A1E7A4F7556}") = "Presentation", "Presentation\Presentation.csproj", "{CE7B34BE-2B0F-4C5B-B687-4A826DFA059B}"
EndProject
Project("{9A19103F-16F7-4668-BE54-9A1E7A4F7556}") = "WebApi", "WebApi\WebApi.csproj", "{5E8334A0-65A9-44BA-A2FC-389ED8270881}"
EndProject
Project("{2150E333-8FDC-42A3-9474-1A3956D46DE8}") = "src", "src", "{14F75334-08F2-4BC9-8062-7E628B65DCD2}"
EndProject
Project("{2150E333-8FDC-42A3-9474-1A3956D46DE8}") = "tests", "tests", "{D66C6E4F-FEC7-4501-B416-3DCE6ADE51F3}"
EndProject
Project("{9A19103F-16F7-4668-BE54-9A1E7A4F7556}") = "Test.Domain", "..\tests\Domain\Test.Domain.csproj", "{B1F15010-5FE5-45BD-986A-162A73939294}"
EndProject
Project("{9A19103F-16F7-4668-BE54-9A1E7A4F7556}") = "Test.Infrastructure", "..\tests\Infrastructure\Test.Infrastructure.csproj", "{9DAD5877-C08E-4CCA-9122-B7EAB15F506F}"
EndProject
Project("{FAE04EC0-301F-11D3-BF4B-00C04F79EFBC}") = "Test.Application", "..\tests\Application\Test.Application.csproj", "{E589080E-A3E1-4D31-A9C2-F3F9BDEA7C3E}"
EndProject
Project("{FAE04EC0-301F-11D3-BF4B-00C04F79EFBC}") = "Test.WebApi", "..\tests\WebApi\Test.WebApi.csproj", "{1FB93AB2-94B8-44FB-8F47-FAE36CA93069}"
EndProject
Global
	GlobalSection(SolutionConfigurationPlatforms) = preSolution
		Debug|Any CPU = Debug|Any CPU
		Release|Any CPU = Release|Any CPU
	EndGlobalSection
	GlobalSection(ProjectConfigurationPlatforms) = postSolution
		{D04A7C9E-8921-4DEC-B3E3-1DC8FEFBFEA6}.Debug|Any CPU.ActiveCfg = Debug|Any CPU
		{D04A7C9E-8921-4DEC-B3E3-1DC8FEFBFEA6}.Debug|Any CPU.Build.0 = Debug|Any CPU
		{D04A7C9E-8921-4DEC-B3E3-1DC8FEFBFEA6}.Release|Any CPU.ActiveCfg = Release|Any CPU
		{D04A7C9E-8921-4DEC-B3E3-1DC8FEFBFEA6}.Release|Any CPU.Build.0 = Release|Any CPU
		{E510EB67-8989-4660-898F-4DD86B2F3002}.Debug|Any CPU.ActiveCfg = Debug|Any CPU
		{E510EB67-8989-4660-898F-4DD86B2F3002}.Debug|Any CPU.Build.0 = Debug|Any CPU
		{E510EB67-8989-4660-898F-4DD86B2F3002}.Release|Any CPU.ActiveCfg = Release|Any CPU
		{E510EB67-8989-4660-898F-4DD86B2F3002}.Release|Any CPU.Build.0 = Release|Any CPU
		{FDE4D4D7-5087-47ED-BD95-7C87BA58D9D8}.Debug|Any CPU.ActiveCfg = Debug|Any CPU
		{FDE4D4D7-5087-47ED-BD95-7C87BA58D9D8}.Debug|Any CPU.Build.0 = Debug|Any CPU
		{FDE4D4D7-5087-47ED-BD95-7C87BA58D9D8}.Release|Any CPU.ActiveCfg = Release|Any CPU
		{FDE4D4D7-5087-47ED-BD95-7C87BA58D9D8}.Release|Any CPU.Build.0 = Release|Any CPU
		{CE7B34BE-2B0F-4C5B-B687-4A826DFA059B}.Debug|Any CPU.ActiveCfg = Debug|Any CPU
		{CE7B34BE-2B0F-4C5B-B687-4A826DFA059B}.Debug|Any CPU.Build.0 = Debug|Any CPU
		{CE7B34BE-2B0F-4C5B-B687-4A826DFA059B}.Release|Any CPU.ActiveCfg = Release|Any CPU
		{CE7B34BE-2B0F-4C5B-B687-4A826DFA059B}.Release|Any CPU.Build.0 = Release|Any CPU
		{5E8334A0-65A9-44BA-A2FC-389ED8270881}.Debug|Any CPU.ActiveCfg = Debug|Any CPU
		{5E8334A0-65A9-44BA-A2FC-389ED8270881}.Debug|Any CPU.Build.0 = Debug|Any CPU
		{5E8334A0-65A9-44BA-A2FC-389ED8270881}.Release|Any CPU.ActiveCfg = Release|Any CPU
		{5E8334A0-65A9-44BA-A2FC-389ED8270881}.Release|Any CPU.Build.0 = Release|Any CPU
		{B1F15010-5FE5-45BD-986A-162A73939294}.Debug|Any CPU.ActiveCfg = Debug|Any CPU
		{B1F15010-5FE5-45BD-986A-162A73939294}.Debug|Any CPU.Build.0 = Debug|Any CPU
		{B1F15010-5FE5-45BD-986A-162A73939294}.Release|Any CPU.ActiveCfg = Release|Any CPU
		{B1F15010-5FE5-45BD-986A-162A73939294}.Release|Any CPU.Build.0 = Release|Any CPU
		{9DAD5877-C08E-4CCA-9122-B7EAB15F506F}.Debug|Any CPU.ActiveCfg = Debug|Any CPU
		{9DAD5877-C08E-4CCA-9122-B7EAB15F506F}.Debug|Any CPU.Build.0 = Debug|Any CPU
		{9DAD5877-C08E-4CCA-9122-B7EAB15F506F}.Release|Any CPU.ActiveCfg = Release|Any CPU
		{9DAD5877-C08E-4CCA-9122-B7EAB15F506F}.Release|Any CPU.Build.0 = Release|Any CPU
		{E589080E-A3E1-4D31-A9C2-F3F9BDEA7C3E}.Debug|Any CPU.ActiveCfg = Debug|Any CPU
		{E589080E-A3E1-4D31-A9C2-F3F9BDEA7C3E}.Debug|Any CPU.Build.0 = Debug|Any CPU
		{E589080E-A3E1-4D31-A9C2-F3F9BDEA7C3E}.Release|Any CPU.ActiveCfg = Release|Any CPU
		{E589080E-A3E1-4D31-A9C2-F3F9BDEA7C3E}.Release|Any CPU.Build.0 = Release|Any CPU
		{1FB93AB2-94B8-44FB-8F47-FAE36CA93069}.Debug|Any CPU.ActiveCfg = Debug|Any CPU
		{1FB93AB2-94B8-44FB-8F47-FAE36CA93069}.Debug|Any CPU.Build.0 = Debug|Any CPU
		{1FB93AB2-94B8-44FB-8F47-FAE36CA93069}.Release|Any CPU.ActiveCfg = Release|Any CPU
		{1FB93AB2-94B8-44FB-8F47-FAE36CA93069}.Release|Any CPU.Build.0 = Release|Any CPU
	EndGlobalSection
	GlobalSection(SolutionProperties) = preSolution
		HideSolutionNode = FALSE
	EndGlobalSection
	GlobalSection(NestedProjects) = preSolution
		{D04A7C9E-8921-4DEC-B3E3-1DC8FEFBFEA6} = {14F75334-08F2-4BC9-8062-7E628B65DCD2}
		{E510EB67-8989-4660-898F-4DD86B2F3002} = {14F75334-08F2-4BC9-8062-7E628B65DCD2}
		{FDE4D4D7-5087-47ED-BD95-7C87BA58D9D8} = {14F75334-08F2-4BC9-8062-7E628B65DCD2}
		{CE7B34BE-2B0F-4C5B-B687-4A826DFA059B} = {14F75334-08F2-4BC9-8062-7E628B65DCD2}
		{5E8334A0-65A9-44BA-A2FC-389ED8270881} = {14F75334-08F2-4BC9-8062-7E628B65DCD2}
		{B1F15010-5FE5-45BD-986A-162A73939294} = {D66C6E4F-FEC7-4501-B416-3DCE6ADE51F3}
		{9DAD5877-C08E-4CCA-9122-B7EAB15F506F} = {D66C6E4F-FEC7-4501-B416-3DCE6ADE51F3}
		{E589080E-A3E1-4D31-A9C2-F3F9BDEA7C3E} = {D66C6E4F-FEC7-4501-B416-3DCE6ADE51F3}
		{1FB93AB2-94B8-44FB-8F47-FAE36CA93069} = {D66C6E4F-FEC7-4501-B416-3DCE6ADE51F3}
	EndGlobalSection
	GlobalSection(ExtensibilityGlobals) = postSolution
		SolutionGuid = {F3B1BCA4-6A4F-4C07-B470-E2501AA09735}
	EndGlobalSection
EndGlobal
